
Microsoft Visual Studio Solution File, Format Version 11.00
# Visual Studio 2010
Project("{FAE04EC0-301F-11D3-BF4B-00C04F79EFBC}") = "Assembly-CSharp", "Assembly-CSharp.csproj", "{0bd9e44e-a958-8d42-23ec-0d0b87f82249}"
EndProject
Global
	GlobalSection(SolutionConfigurationPlatforms) = preSolution
		Debug|Any CPU = Debug|Any CPU
		Release|Any CPU = Release|Any CPU
	EndGlobalSection
	GlobalSection(ProjectConfigurationPlatforms) = postSolution
		{0bd9e44e-a958-8d42-23ec-0d0b87f82249}.Debug|Any CPU.ActiveCfg = Debug|Any CPU
		{0bd9e44e-a958-8d42-23ec-0d0b87f82249}.Debug|Any CPU.Build.0 = Debug|Any CPU
		{0bd9e44e-a958-8d42-23ec-0d0b87f82249}.Release|Any CPU.ActiveCfg = Release|Any CPU
		{0bd9e44e-a958-8d42-23ec-0d0b87f82249}.Release|Any CPU.Build.0 = Release|Any CPU
	EndGlobalSection
	GlobalSection(SolutionProperties) = preSolution
		HideSolutionNode = FALSE
	EndGlobalSection
EndGlobal
